// !$*UTF8*$!
{
	archiveVersion = 1;
	classes = {
	};
	objectVersion = 46;
	objects = {

/* Begin PBXBuildFile section */
		30933DAF1CB0241600CB4BF8 /* main.m in Sources */ = {isa = PBXBuildFile; fileRef = 30933DAE1CB0241600CB4BF8 /* main.m */; };
		30933DB21CB0241600CB4BF8 /* AppDelegate.m in Sources */ = {isa = PBXBuildFile; fileRef = 30933DB11CB0241600CB4BF8 /* AppDelegate.m */; };
		30933DB51CB0241600CB4BF8 /* ViewController.m in Sources */ = {isa = PBXBuildFile; fileRef = 30933DB41CB0241600CB4BF8 /* ViewController.m */; };
		30933DB81CB0241600CB4BF8 /* Main.storyboard in Resources */ = {isa = PBXBuildFile; fileRef = 30933DB61CB0241600CB4BF8 /* Main.storyboard */; };
		30933DBA1CB0241600CB4BF8 /* Assets.xcassets in Resources */ = {isa = PBXBuildFile; fileRef = 30933DB91CB0241600CB4BF8 /* Assets.xcassets */; };
		30933DBD1CB0241600CB4BF8 /* LaunchScreen.storyboard in Resources */ = {isa = PBXBuildFile; fileRef = 30933DBB1CB0241600CB4BF8 /* LaunchScreen.storyboard */; };
		30A9B87C1CB118EB00EDDCAD /* HJCenterBLEViewController.m in Sources */ = {isa = PBXBuildFile; fileRef = 30A9B87B1CB118EB00EDDCAD /* HJCenterBLEViewController.m */; };
		30A9B87F1CB1191200EDDCAD /* HJPeripheralBLEViewController.m in Sources */ = {isa = PBXBuildFile; fileRef = 30A9B87E1CB1191200EDDCAD /* HJPeripheralBLEViewController.m */; };
/* End PBXBuildFile section */

/* Begin PBXFileReference section */
		30933DAA1CB0241600CB4BF8 /* BLEDemo.app */ = {isa = PBXFileReference; explicitFileType = wrapper.application; includeInIndex = 0; path = BLEDemo.app; sourceTree = BUILT_PRODUCTS_DIR; };
		30933DAE1CB0241600CB4BF8 /* main.m */ = {isa = PBXFileReference; lastKnownFileType = sourcecode.c.objc; path = main.m; sourceTree = "<group>"; };
		30933DB01CB0241600CB4BF8 /* AppDelegate.h */ = {isa = PBXFileReference; lastKnownFileType = sourcecode.c.h; path = AppDelegate.h; sourceTree = "<group>"; };
		30933DB11CB0241600CB4BF8 /* AppDelegate.m */ = {isa = PBXFileReference; lastKnownFileType = sourcecode.c.objc; path = AppDelegate.m; sourceTree = "<group>"; };
		30933DB31CB0241600CB4BF8 /* ViewController.h */ = {isa = PBXFileReference; lastKnownFileType = sourcecode.c.h; path = ViewController.h; sourceTree = "<group>"; };
		30933DB41CB0241600CB4BF8 /* ViewController.m */ = {isa = PBXFileReference; lastKnownFileType = sourcecode.c.objc; path = ViewController.m; sourceTree = "<group>"; };
		30933DB71CB0241600CB4BF8 /* Base */ = {isa = PBXFileReference; lastKnownFileType = file.storyboard; name = Base; path = Base.lproj/Main.storyboard; sourceTree = "<group>"; };
		30933DB91CB0241600CB4BF8 /* Assets.xcassets */ = {isa = PBXFileReference; lastKnownFileType = folder.assetcatalog; path = Assets.xcassets; sourceTree = "<group>"; };
		30933DBC1CB0241600CB4BF8 /* Base */ = {isa = PBXFileReference; lastKnownFileType = file.storyboard; name = Base; path = Base.lproj/LaunchScreen.storyboard; sourceTree = "<group>"; };
		30933DBE1CB0241600CB4BF8 /* Info.plist */ = {isa = PBXFileReference; lastKnownFileType = text.plist.xml; path = Info.plist; sourceTree = "<group>"; };
		30A9B87A1CB118EB00EDDCAD /* HJCenterBLEViewController.h */ = {isa = PBXFileReference; fileEncoding = 4; lastKnownFileType = sourcecode.c.h; path = HJCenterBLEViewController.h; sourceTree = "<group>"; };
		30A9B87B1CB118EB00EDDCAD /* HJCenterBLEViewController.m */ = {isa = PBXFileReference; fileEncoding = 4; lastKnownFileType = sourcecode.c.objc; path = HJCenterBLEViewController.m; sourceTree = "<group>"; };
		30A9B87D1CB1191200EDDCAD /* HJPeripheralBLEViewController.h */ = {isa = PBXFileReference; fileEncoding = 4; lastKnownFileType = sourcecode.c.h; path = HJPeripheralBLEViewController.h; sourceTree = "<group>"; };
		30A9B87E1CB1191200EDDCAD /* HJPeripheralBLEViewController.m */ = {isa = PBXFileReference; fileEncoding = 4; lastKnownFileType = sourcecode.c.objc; path = HJPeripheralBLEViewController.m; sourceTree = "<group>"; };
/* End PBXFileReference section */

/* Begin PBXFrameworksBuildPhase section */
		30933DA71CB0241600CB4BF8 /* Frameworks */ = {
			isa = PBXFrameworksBuildPhase;
			buildActionMask = 2147483647;
			files = (
			);
			runOnlyForDeploymentPostprocessing = 0;
		};
/* End PBXFrameworksBuildPhase section */

/* Begin PBXGroup section */
		30933DA11CB0241600CB4BF8 = {
			isa = PBXGroup;
			children = (
				30933DAC1CB0241600CB4BF8 /* BLEDemo */,
				30933DAB1CB0241600CB4BF8 /* Products */,
			);
			sourceTree = "<group>";
		};
		30933DAB1CB0241600CB4BF8 /* Products */ = {
			isa = PBXGroup;
			children = (
				30933DAA1CB0241600CB4BF8 /* BLEDemo.app */,
			);
			name = Products;
			sourceTree = "<group>";
		};
		30933DAC1CB0241600CB4BF8 /* BLEDemo */ = {
			isa = PBXGroup;
			children = (
				30933DB01CB0241600CB4BF8 /* AppDelegate.h */,
				30933DB11CB0241600CB4BF8 /* AppDelegate.m */,
				30933DB31CB0241600CB4BF8 /* ViewController.h */,
				30933DB41CB0241600CB4BF8 /* ViewController.m */,
				30A9B87A1CB118EB00EDDCAD /* HJCenterBLEViewController.h */,
				30A9B87B1CB118EB00EDDCAD /* HJCenterBLEViewController.m */,
				30933DB61CB0241600CB4BF8 /* Main.storyboard */,
				30A9B87D1CB1191200EDDCAD /* HJPeripheralBLEViewController.h */,
				30A9B87E1CB1191200EDDCAD /* HJPeripheralBLEViewController.m */,
				30933DB91CB0241600CB4BF8 /* Assets.xcassets */,
				30933DBB1CB0241600CB4BF8 /* LaunchScreen.storyboard */,
				30933DBE1CB0241600CB4BF8 /* Info.plist */,
				30933DAD1CB0241600CB4BF8 /* Supporting Files */,
			);
			path = BLEDemo;
			sourceTree = "<group>";
		};
		30933DAD1CB0241600CB4BF8 /* Supporting Files */ = {
			isa = PBXGroup;
			children = (
				30933DAE1CB0241600CB4BF8 /* main.m */,
			);
			name = "Supporting Files";
			sourceTree = "<group>";
		};
/* End PBXGroup section */

/* Begin PBXNativeTarget section */
		30933DA91CB0241600CB4BF8 /* BLEDemo */ = {
			isa = PBXNativeTarget;
			buildConfigurationList = 30933DC11CB0241600CB4BF8 /* Build configuration list for PBXNativeTarget "BLEDemo" */;
			buildPhases = (
				30933DA61CB0241600CB4BF8 /* Sources */,
				30933DA71CB0241600CB4BF8 /* Frameworks */,
				30933DA81CB0241600CB4BF8 /* Resources */,
			);
			buildRules = (
			);
			dependencies = (
			);
			name = BLEDemo;
			productName = BLEDemo;
			productReference = 30933DAA1CB0241600CB4BF8 /* BLEDemo.app */;
			productType = "com.apple.product-type.application";
		};
/* End PBXNativeTarget section */

/* Begin PBXProject section */
		30933DA21CB0241600CB4BF8 /* Project object */ = {
			isa = PBXProject;
			attributes = {
				LastUpgradeCheck = 0730;
				ORGANIZATIONNAME = "https://github.com/CoderHJZhao";
				TargetAttributes = {
					30933DA91CB0241600CB4BF8 = {
						CreatedOnToolsVersion = 7.3;
					};
				};
			};
			buildConfigurationList = 30933DA51CB0241600CB4BF8 /* Build configuration list for PBXProject "BLEDemo" */;
			compatibilityVersion = "Xcode 3.2";
			developmentRegion = English;
			hasScannedForEncodings = 0;
			knownRegions = (
				en,
				Base,
			);
			mainGroup = 30933DA11CB0241600CB4BF8;
			productRefGroup = 30933DAB1CB0241600CB4BF8 /* Products */;
			projectDirPath = "";
			projectRoot = "";
			targets = (
				30933DA91CB0241600CB4BF8 /* BLEDemo */,
			);
		};
/* End PBXProject section */

/* Begin PBXResourcesBuildPhase section */
		30933DA81CB0241600CB4BF8 /* Resources */ = {
			isa = PBXResourcesBuildPhase;
			buildActionMask = 2147483647;
			files = (
				30933DBD1CB0241600CB4BF8 /* LaunchScreen.storyboard in Resources */,
				30933DBA1CB0241600CB4BF8 /* Assets.xcassets in Resources */,
				30933DB81CB0241600CB4BF8 /* Main.storyboard in Resources */,
			);
			runOnlyForDeploymentPostprocessing = 0;
		};
/* End PBXResourcesBuildPhase section */

/* Begin PBXSourcesBuildPhase section */
		30933DA61CB0241600CB4BF8 /* Sources */ = {
			isa = PBXSourcesBuildPhase;
			buildActionMask = 2147483647;
			files = (
				30A9B87F1CB1191200EDDCAD /* HJPeripheralBLEViewController.m in Sources */,
				30933DB51CB0241600CB4BF8 /* ViewController.m in Sources */,
				30933DB21CB0241600CB4BF8 /* AppDelegate.m in Sources */,
				30933DAF1CB0241600CB4BF8 /* main.m in Sources */,
				30A9B87C1CB118EB00EDDCAD /* HJCenterBLEViewController.m in Sources */,
			);
			runOnlyForDeploymentPostprocessing = 0;
		};
/* End PBXSourcesBuildPhase section */

/* Begin PBXVariantGroup section */
		30933DB61CB0241600CB4BF8 /* Main.storyboard */ = {
			isa = PBXVariantGroup;
			children = (
				30933DB71CB0241600CB4BF8 /* Base */,
			);
			name = Main.storyboard;
			sourceTree = "<group>";
		};
		30933DBB1CB0241600CB4BF8 /* LaunchScreen.storyboard */ = {
			isa = PBXVariantGroup;
			children = (
				30933DBC1CB0241600CB4BF8 /* Base */,
			);
			name = LaunchScreen.storyboard;
			sourceTree = "<group>";
		};
/* End PBXVariantGroup section */

/* Begin XCBuildConfiguration section */
		30933DBF1CB0241600CB4BF8 /* Debug */ = {
			isa = XCBuildConfiguration;
			buildSettings = {
				ALWAYS_SEARCH_USER_PATHS = NO;
				CLANG_ANALYZER_NONNULL = YES;
				CLANG_CXX_LANGUAGE_STANDARD = "gnu++0x";
				CLANG_CXX_LIBRARY = "libc++";
				CLANG_ENABLE_MODULES = YES;
				CLANG_ENABLE_OBJC_ARC = YES;
				CLANG_WARN_BOOL_CONVERSION = YES;
				CLANG_WARN_CONSTANT_CONVERSION = YES;
				CLANG_WARN_DIRECT_OBJC_ISA_USAGE = YES_ERROR;
				CLANG_WARN_EMPTY_BODY = YES;
				CLANG_WARN_ENUM_CONVERSION = YES;
				CLANG_WARN_INT_CONVERSION = YES;
				CLANG_WARN_OBJC_ROOT_CLASS = YES_ERROR;
				CLANG_WARN_UNREACHABLE_CODE = YES;
				CLANG_WARN__DUPLICATE_METHOD_MATCH = YES;
				"CODE_SIGN_IDENTITY[sdk=iphoneos*]" = "iPhone Developer";
				COPY_PHASE_STRIP = NO;
				DEBUG_INFORMATION_FORMAT = dwarf;
				ENABLE_STRICT_OBJC_MSGSEND = YES;
				ENABLE_TESTABILITY = YES;
				GCC_C_LANGUAGE_STANDARD = gnu99;
				GCC_DYNAMIC_NO_PIC = NO;
				GCC_NO_COMMON_BLOCKS = YES;
				GCC_OPTIMIZATION_LEVEL = 0;
				GCC_PREPROCESSOR_DEFINITIONS = (
					"DEBUG=1",
					"$(inherited)",
				);
				GCC_WARN_64_TO_32_BIT_CONVERSION = YES;
				GCC_WARN_ABOUT_RETURN_TYPE = YES_ERROR;
				GCC_WARN_UNDECLARED_SELECTOR = YES;
				GCC_WARN_UNINITIALIZED_AUTOS = YES_AGGRESSIVE;
				GCC_WARN_UNUSED_FUNCTION = YES;
				GCC_WARN_UNUSED_VARIABLE = YES;
				IPHONEOS_DEPLOYMENT_TARGET = 9.3;
				MTL_ENABLE_DEBUG_INFO = YES;
				ONLY_ACTIVE_ARCH = YES;
				SDKROOT = iphoneos;
			};
			name = Debug;
		};
		30933DC01CB0241600CB4BF8 /* Release */ = {
			isa = XCBuildConfiguration;
			buildSettings = {
				ALWAYS_SEARCH_USER_PATHS = NO;
				CLANG_ANALYZER_NONNULL = YES;
				CLANG_CXX_LANGUAGE_STANDARD = "gnu++0x";
				CLANG_CXX_LIBRARY = "libc++";
				CLANG_ENABLE_MODULES = YES;
				CLANG_ENABLE_OBJC_ARC = YES;
				CLANG_WARN_BOOL_CONVERSION = YES;
				CLANG_WARN_CONSTANT_CONVERSION = YES;
				CLANG_WARN_DIRECT_OBJC_ISA_USAGE = YES_ERROR;
				CLANG_WARN_EMPTY_BODY = YES;
				CLANG_WARN_ENUM_CONVERSION = YES;
				CLANG_WARN_INT_CONVERSION = YES;
				CLANG_WARN_OBJC_ROOT_CLASS = YES_ERROR;
				CLANG_WARN_UNREACHABLE_CODE = YES;
				CLANG_WARN__DUPLICATE_METHOD_MATCH = YES;
				"CODE_SIGN_IDENTITY[sdk=iphoneos*]" = "iPhone Developer";
				COPY_PHASE_STRIP = NO;
				DEBUG_INFORMATION_FORMAT = "dwarf-with-dsym";
				ENABLE_NS_ASSERTIONS = NO;
				ENABLE_STRICT_OBJC_MSGSEND = YES;
				GCC_C_LANGUAGE_STANDARD = gnu99;
				GCC_NO_COMMON_BLOCKS = YES;
				GCC_WARN_64_TO_32_BIT_CONVERSION = YES;
				GCC_WARN_ABOUT_RETURN_TYPE = YES_ERROR;
				GCC_WARN_UNDECLARED_SELECTOR = YES;
				GCC_WARN_UNINITIALIZED_AUTOS = YES_AGGRESSIVE;
				GCC_WARN_UNUSED_FUNCTION = YES;
				GCC_WARN_UNUSED_VARIABLE = YES;
				IPHONEOS_DEPLOYMENT_TARGET = 9.3;
				MTL_ENABLE_DEBUG_INFO = NO;
				SDKROOT = iphoneos;
				VALIDATE_PRODUCT = YES;
			};
			name = Release;
		};
		30933DC21CB0241600CB4BF8 /* Debug */ = {
			isa = XCBuildConfiguration;
			buildSettings = {
				ASSETCATALOG_COMPILER_APPICON_NAME = AppIcon;
				INFOPLIST_FILE = BLEDemo/Info.plist;
				LD_RUNPATH_SEARCH_PATHS = "$(inherited) @executable_path/Frameworks";
				PRODUCT_BUNDLE_IDENTIFIER = CoderHJ.BLEDemo;
				PRODUCT_NAME = "$(TARGET_NAME)";
			};
			name = Debug;
		};
		30933DC31CB0241600CB4BF8 /* Release */ = {
			isa = XCBuildConfiguration;
			buildSettings = {
				ASSETCATALOG_COMPILER_APPICON_NAME = AppIcon;
				INFOPLIST_FILE = BLEDemo/Info.plist;
				LD_RUNPATH_SEARCH_PATHS = "$(inherited) @executable_path/Frameworks";
				PRODUCT_BUNDLE_IDENTIFIER = CoderHJ.BLEDemo;
				PRODUCT_NAME = "$(TARGET_NAME)";
			};
			name = Release;
		};
/* End XCBuildConfiguration section */

/* Begin XCConfigurationList section */
		30933DA51CB0241600CB4BF8 /* Build configuration list for PBXProject "BLEDemo" */ = {
			isa = XCConfigurationList;
			buildConfigurations = (
				30933DBF1CB0241600CB4BF8 /* Debug */,
				30933DC01CB0241600CB4BF8 /* Release */,
			);
			defaultConfigurationIsVisible = 0;
			defaultConfigurationName = Release;
		};
		30933DC11CB0241600CB4BF8 /* Build configuration list for PBXNativeTarget "BLEDemo" */ = {
			isa = XCConfigurationList;
			buildConfigurations = (
				30933DC21CB0241600CB4BF8 /* Debug */,
				30933DC31CB0241600CB4BF8 /* Release */,
			);
			defaultConfigurationIsVisible = 0;
			defaultConfigurationName = Release;
		};
/* End XCConfigurationList section */
	};
	rootObject = 30933DA21CB0241600CB4BF8 /* Project object */;
}
